// !$*UTF8*$!
{
	archiveVersion = 1;
	classes = {
	};
	objectVersion = 46;
	objects = {

/* Begin PBXBuildFile section */
		C4DC1B151CAC26B900DBE530 /* AppDelegate.swift in Sources */ = {isa = PBXBuildFile; fileRef = C4DC1B141CAC26B900DBE530 /* AppDelegate.swift */; };
		C4DC1B1A1CAC26B900DBE530 /* Main.storyboard in Resources */ = {isa = PBXBuildFile; fileRef = C4DC1B181CAC26B900DBE530 /* Main.storyboard */; };
		C4DC1B1C1CAC26B900DBE530 /* Assets.xcassets in Resources */ = {isa = PBXBuildFile; fileRef = C4DC1B1B1CAC26B900DBE530 /* Assets.xcassets */; };
		C4DC1B1F1CAC26B900DBE530 /* LaunchScreen.storyboard in Resources */ = {isa = PBXBuildFile; fileRef = C4DC1B1D1CAC26B900DBE530 /* LaunchScreen.storyboard */; };
		C4DC1B2A1CAC26B900DBE530 /* FuzzySearchTests.swift in Sources */ = {isa = PBXBuildFile; fileRef = C4DC1B291CAC26B900DBE530 /* FuzzySearchTests.swift */; };
		C4DC1B351CAC26B900DBE530 /* FuzzySearchUITests.swift in Sources */ = {isa = PBXBuildFile; fileRef = C4DC1B341CAC26B900DBE530 /* FuzzySearchUITests.swift */; };
		C4DC1B431CAC278400DBE530 /* dictionary.json in Resources */ = {isa = PBXBuildFile; fileRef = C4DC1B421CAC278400DBE530 /* dictionary.json */; };
		C4DC1B451CAC297100DBE530 /* DictionaryTableViewController.swift in Sources */ = {isa = PBXBuildFile; fileRef = C4DC1B441CAC297100DBE530 /* DictionaryTableViewController.swift */; };
		C4DC1B471CAC2AF100DBE530 /* WordController.swift in Sources */ = {isa = PBXBuildFile; fileRef = C4DC1B461CAC2AF100DBE530 /* WordController.swift */; };
		C4DC1B491CAC2E8700DBE530 /* Word.swift in Sources */ = {isa = PBXBuildFile; fileRef = C4DC1B481CAC2E8700DBE530 /* Word.swift */; };
		C4DC1B4B1CAC38C900DBE530 /* SearchResultsTableViewController.swift in Sources */ = {isa = PBXBuildFile; fileRef = C4DC1B4A1CAC38C900DBE530 /* SearchResultsTableViewController.swift */; };
/* End PBXBuildFile section */

/* Begin PBXContainerItemProxy section */
		C4DC1B261CAC26B900DBE530 /* PBXContainerItemProxy */ = {
			isa = PBXContainerItemProxy;
			containerPortal = C4DC1B091CAC26B800DBE530 /* Project object */;
			proxyType = 1;
			remoteGlobalIDString = C4DC1B101CAC26B900DBE530;
			remoteInfo = FuzzySearch;
		};
		C4DC1B311CAC26B900DBE530 /* PBXContainerItemProxy */ = {
			isa = PBXContainerItemProxy;
			containerPortal = C4DC1B091CAC26B800DBE530 /* Project object */;
			proxyType = 1;
			remoteGlobalIDString = C4DC1B101CAC26B900DBE530;
			remoteInfo = FuzzySearch;
		};
/* End PBXContainerItemProxy section */

/* Begin PBXFileReference section */
		C4DC1B111CAC26B900DBE530 /* FuzzySearch.app */ = {isa = PBXFileReference; explicitFileType = wrapper.application; includeInIndex = 0; path = FuzzySearch.app; sourceTree = BUILT_PRODUCTS_DIR; };
		C4DC1B141CAC26B900DBE530 /* AppDelegate.swift */ = {isa = PBXFileReference; lastKnownFileType = sourcecode.swift; path = AppDelegate.swift; sourceTree = "<group>"; };
		C4DC1B191CAC26B900DBE530 /* Base */ = {isa = PBXFileReference; lastKnownFileType = file.storyboard; name = Base; path = Base.lproj/Main.storyboard; sourceTree = "<group>"; };
		C4DC1B1B1CAC26B900DBE530 /* Assets.xcassets */ = {isa = PBXFileReference; lastKnownFileType = folder.assetcatalog; path = Assets.xcassets; sourceTree = "<group>"; };
		C4DC1B1E1CAC26B900DBE530 /* Base */ = {isa = PBXFileReference; lastKnownFileType = file.storyboard; name = Base; path = Base.lproj/LaunchScreen.storyboard; sourceTree = "<group>"; };
		C4DC1B201CAC26B900DBE530 /* Info.plist */ = {isa = PBXFileReference; lastKnownFileType = text.plist.xml; path = Info.plist; sourceTree = "<group>"; };
		C4DC1B251CAC26B900DBE530 /* FuzzySearchTests.xctest */ = {isa = PBXFileReference; explicitFileType = wrapper.cfbundle; includeInIndex = 0; path = FuzzySearchTests.xctest; sourceTree = BUILT_PRODUCTS_DIR; };
		C4DC1B291CAC26B900DBE530 /* FuzzySearchTests.swift */ = {isa = PBXFileReference; lastKnownFileType = sourcecode.swift; path = FuzzySearchTests.swift; sourceTree = "<group>"; };
		C4DC1B2B1CAC26B900DBE530 /* Info.plist */ = {isa = PBXFileReference; lastKnownFileType = text.plist.xml; path = Info.plist; sourceTree = "<group>"; };
		C4DC1B301CAC26B900DBE530 /* FuzzySearchUITests.xctest */ = {isa = PBXFileReference; explicitFileType = wrapper.cfbundle; includeInIndex = 0; path = FuzzySearchUITests.xctest; sourceTree = BUILT_PRODUCTS_DIR; };
		C4DC1B341CAC26B900DBE530 /* FuzzySearchUITests.swift */ = {isa = PBXFileReference; lastKnownFileType = sourcecode.swift; path = FuzzySearchUITests.swift; sourceTree = "<group>"; };
		C4DC1B361CAC26B900DBE530 /* Info.plist */ = {isa = PBXFileReference; lastKnownFileType = text.plist.xml; path = Info.plist; sourceTree = "<group>"; };
		C4DC1B421CAC278400DBE530 /* dictionary.json */ = {isa = PBXFileReference; fileEncoding = 4; lastKnownFileType = text.json; path = dictionary.json; sourceTree = "<group>"; };
		C4DC1B441CAC297100DBE530 /* DictionaryTableViewController.swift */ = {isa = PBXFileReference; fileEncoding = 4; lastKnownFileType = sourcecode.swift; path = DictionaryTableViewController.swift; sourceTree = "<group>"; };
		C4DC1B461CAC2AF100DBE530 /* WordController.swift */ = {isa = PBXFileReference; fileEncoding = 4; lastKnownFileType = sourcecode.swift; path = WordController.swift; sourceTree = "<group>"; };
		C4DC1B481CAC2E8700DBE530 /* Word.swift */ = {isa = PBXFileReference; fileEncoding = 4; lastKnownFileType = sourcecode.swift; path = Word.swift; sourceTree = "<group>"; };
		C4DC1B4A1CAC38C900DBE530 /* SearchResultsTableViewController.swift */ = {isa = PBXFileReference; fileEncoding = 4; lastKnownFileType = sourcecode.swift; path = SearchResultsTableViewController.swift; sourceTree = "<group>"; };
/* End PBXFileReference section */

/* Begin PBXFrameworksBuildPhase section */
		C4DC1B0E1CAC26B900DBE530 /* Frameworks */ = {
			isa = PBXFrameworksBuildPhase;
			buildActionMask = 2147483647;
			files = (
			);
			runOnlyForDeploymentPostprocessing = 0;
		};
		C4DC1B221CAC26B900DBE530 /* Frameworks */ = {
			isa = PBXFrameworksBuildPhase;
			buildActionMask = 2147483647;
			files = (
			);
			runOnlyForDeploymentPostprocessing = 0;
		};
		C4DC1B2D1CAC26B900DBE530 /* Frameworks */ = {
			isa = PBXFrameworksBuildPhase;
			buildActionMask = 2147483647;
			files = (
			);
			runOnlyForDeploymentPostprocessing = 0;
		};
/* End PBXFrameworksBuildPhase section */

/* Begin PBXGroup section */
		C4DC1B081CAC26B800DBE530 = {
			isa = PBXGroup;
			children = (
				C4DC1B131CAC26B900DBE530 /* FuzzySearch */,
				C4DC1B281CAC26B900DBE530 /* FuzzySearchTests */,
				C4DC1B331CAC26B900DBE530 /* FuzzySearchUITests */,
				C4DC1B121CAC26B900DBE530 /* Products */,
			);
			sourceTree = "<group>";
		};
		C4DC1B121CAC26B900DBE530 /* Products */ = {
			isa = PBXGroup;
			children = (
				C4DC1B111CAC26B900DBE530 /* FuzzySearch.app */,
				C4DC1B251CAC26B900DBE530 /* FuzzySearchTests.xctest */,
				C4DC1B301CAC26B900DBE530 /* FuzzySearchUITests.xctest */,
			);
			name = Products;
			sourceTree = "<group>";
		};
		C4DC1B131CAC26B900DBE530 /* FuzzySearch */ = {
			isa = PBXGroup;
			children = (
				C4DC1B141CAC26B900DBE530 /* AppDelegate.swift */,
				C4DC1B181CAC26B900DBE530 /* Main.storyboard */,
				C4DC1B4A1CAC38C900DBE530 /* SearchResultsTableViewController.swift */,
				C4DC1B441CAC297100DBE530 /* DictionaryTableViewController.swift */,
				C4DC1B461CAC2AF100DBE530 /* WordController.swift */,
				C4DC1B1B1CAC26B900DBE530 /* Assets.xcassets */,
				C4DC1B1D1CAC26B900DBE530 /* LaunchScreen.storyboard */,
				C4DC1B201CAC26B900DBE530 /* Info.plist */,
				C4DC1B421CAC278400DBE530 /* dictionary.json */,
				C4DC1B481CAC2E8700DBE530 /* Word.swift */,
			);
			path = FuzzySearch;
			sourceTree = "<group>";
		};
		C4DC1B281CAC26B900DBE530 /* FuzzySearchTests */ = {
			isa = PBXGroup;
			children = (
				C4DC1B291CAC26B900DBE530 /* FuzzySearchTests.swift */,
				C4DC1B2B1CAC26B900DBE530 /* Info.plist */,
			);
			path = FuzzySearchTests;
			sourceTree = "<group>";
		};
		C4DC1B331CAC26B900DBE530 /* FuzzySearchUITests */ = {
			isa = PBXGroup;
			children = (
				C4DC1B341CAC26B900DBE530 /* FuzzySearchUITests.swift */,
				C4DC1B361CAC26B900DBE530 /* Info.plist */,
			);
			path = FuzzySearchUITests;
			sourceTree = "<group>";
		};
/* End PBXGroup section */

/* Begin PBXNativeTarget section */
		C4DC1B101CAC26B900DBE530 /* FuzzySearch */ = {
			isa = PBXNativeTarget;
			buildConfigurationList = C4DC1B391CAC26B900DBE530 /* Build configuration list for PBXNativeTarget "FuzzySearch" */;
			buildPhases = (
				C4DC1B0D1CAC26B900DBE530 /* Sources */,
				C4DC1B0E1CAC26B900DBE530 /* Frameworks */,
				C4DC1B0F1CAC26B900DBE530 /* Resources */,
			);
			buildRules = (
			);
			dependencies = (
			);
			name = FuzzySearch;
			productName = FuzzySearch;
			productReference = C4DC1B111CAC26B900DBE530 /* FuzzySearch.app */;
			productType = "com.apple.product-type.application";
		};
		C4DC1B241CAC26B900DBE530 /* FuzzySearchTests */ = {
			isa = PBXNativeTarget;
			buildConfigurationList = C4DC1B3C1CAC26B900DBE530 /* Build configuration list for PBXNativeTarget "FuzzySearchTests" */;
			buildPhases = (
				C4DC1B211CAC26B900DBE530 /* Sources */,
				C4DC1B221CAC26B900DBE530 /* Frameworks */,
				C4DC1B231CAC26B900DBE530 /* Resources */,
			);
			buildRules = (
			);
			dependencies = (
				C4DC1B271CAC26B900DBE530 /* PBXTargetDependency */,
			);
			name = FuzzySearchTests;
			productName = FuzzySearchTests;
			productReference = C4DC1B251CAC26B900DBE530 /* FuzzySearchTests.xctest */;
			productType = "com.apple.product-type.bundle.unit-test";
		};
		C4DC1B2F1CAC26B900DBE530 /* FuzzySearchUITests */ = {
			isa = PBXNativeTarget;
			buildConfigurationList = C4DC1B3F1CAC26B900DBE530 /* Build configuration list for PBXNativeTarget "FuzzySearchUITests" */;
			buildPhases = (
				C4DC1B2C1CAC26B900DBE530 /* Sources */,
				C4DC1B2D1CAC26B900DBE530 /* Frameworks */,
				C4DC1B2E1CAC26B900DBE530 /* Resources */,
			);
			buildRules = (
			);
			dependencies = (
				C4DC1B321CAC26B900DBE530 /* PBXTargetDependency */,
			);
			name = FuzzySearchUITests;
			productName = FuzzySearchUITests;
			productReference = C4DC1B301CAC26B900DBE530 /* FuzzySearchUITests.xctest */;
			productType = "com.apple.product-type.bundle.ui-testing";
		};
/* End PBXNativeTarget section */

/* Begin PBXProject section */
		C4DC1B091CAC26B800DBE530 /* Project object */ = {
			isa = PBXProject;
			attributes = {
				LastSwiftUpdateCheck = 0730;
				LastUpgradeCheck = 0730;
				ORGANIZATIONNAME = "Kaleo Kim";
				TargetAttributes = {
					C4DC1B101CAC26B900DBE530 = {
						CreatedOnToolsVersion = 7.3;
					};
					C4DC1B241CAC26B900DBE530 = {
						CreatedOnToolsVersion = 7.3;
						TestTargetID = C4DC1B101CAC26B900DBE530;
					};
					C4DC1B2F1CAC26B900DBE530 = {
						CreatedOnToolsVersion = 7.3;
						TestTargetID = C4DC1B101CAC26B900DBE530;
					};
				};
			};
			buildConfigurationList = C4DC1B0C1CAC26B800DBE530 /* Build configuration list for PBXProject "FuzzySearch" */;
			compatibilityVersion = "Xcode 3.2";
			developmentRegion = English;
			hasScannedForEncodings = 0;
			knownRegions = (
				en,
				Base,
			);
			mainGroup = C4DC1B081CAC26B800DBE530;
			productRefGroup = C4DC1B121CAC26B900DBE530 /* Products */;
			projectDirPath = "";
			projectRoot = "";
			targets = (
				C4DC1B101CAC26B900DBE530 /* FuzzySearch */,
				C4DC1B241CAC26B900DBE530 /* FuzzySearchTests */,
				C4DC1B2F1CAC26B900DBE530 /* FuzzySearchUITests */,
			);
		};
/* End PBXProject section */

/* Begin PBXResourcesBuildPhase section */
		C4DC1B0F1CAC26B900DBE530 /* Resources */ = {
			isa = PBXResourcesBuildPhase;
			buildActionMask = 2147483647;
			files = (
				C4DC1B1F1CAC26B900DBE530 /* LaunchScreen.storyboard in Resources */,
				C4DC1B431CAC278400DBE530 /* dictionary.json in Resources */,
				C4DC1B1C1CAC26B900DBE530 /* Assets.xcassets in Resources */,
				C4DC1B1A1CAC26B900DBE530 /* Main.storyboard in Resources */,
			);
			runOnlyForDeploymentPostprocessing = 0;
		};
		C4DC1B231CAC26B900DBE530 /* Resources */ = {
			isa = PBXResourcesBuildPhase;
			buildActionMask = 2147483647;
			files = (
			);
			runOnlyForDeploymentPostprocessing = 0;
		};
		C4DC1B2E1CAC26B900DBE530 /* Resources */ = {
			isa = PBXResourcesBuildPhase;
			buildActionMask = 2147483647;
			files = (
			);
			runOnlyForDeploymentPostprocessing = 0;
		};
/* End PBXResourcesBuildPhase section */

/* Begin PBXSourcesBuildPhase section */
		C4DC1B0D1CAC26B900DBE530 /* Sources */ = {
			isa = PBXSourcesBuildPhase;
			buildActionMask = 2147483647;
			files = (
				C4DC1B451CAC297100DBE530 /* DictionaryTableViewController.swift in Sources */,
				C4DC1B491CAC2E8700DBE530 /* Word.swift in Sources */,
				C4DC1B4B1CAC38C900DBE530 /* SearchResultsTableViewController.swift in Sources */,
				C4DC1B471CAC2AF100DBE530 /* WordController.swift in Sources */,
				C4DC1B151CAC26B900DBE530 /* AppDelegate.swift in Sources */,
			);
			runOnlyForDeploymentPostprocessing = 0;
		};
		C4DC1B211CAC26B900DBE530 /* Sources */ = {
			isa = PBXSourcesBuildPhase;
			buildActionMask = 2147483647;
			files = (
				C4DC1B2A1CAC26B900DBE530 /* FuzzySearchTests.swift in Sources */,
			);
			runOnlyForDeploymentPostprocessing = 0;
		};
		C4DC1B2C1CAC26B900DBE530 /* Sources */ = {
			isa = PBXSourcesBuildPhase;
			buildActionMask = 2147483647;
			files = (
				C4DC1B351CAC26B900DBE530 /* FuzzySearchUITests.swift in Sources */,
			);
			runOnlyForDeploymentPostprocessing = 0;
		};
/* End PBXSourcesBuildPhase section */

/* Begin PBXTargetDependency section */
		C4DC1B271CAC26B900DBE530 /* PBXTargetDependency */ = {
			isa = PBXTargetDependency;
			target = C4DC1B101CAC26B900DBE530 /* FuzzySearch */;
			targetProxy = C4DC1B261CAC26B900DBE530 /* PBXContainerItemProxy */;
		};
		C4DC1B321CAC26B900DBE530 /* PBXTargetDependency */ = {
			isa = PBXTargetDependency;
			target = C4DC1B101CAC26B900DBE530 /* FuzzySearch */;
			targetProxy = C4DC1B311CAC26B900DBE530 /* PBXContainerItemProxy */;
		};
/* End PBXTargetDependency section */

/* Begin PBXVariantGroup section */
		C4DC1B181CAC26B900DBE530 /* Main.storyboard */ = {
			isa = PBXVariantGroup;
			children = (
				C4DC1B191CAC26B900DBE530 /* Base */,
			);
			name = Main.storyboard;
			sourceTree = "<group>";
		};
		C4DC1B1D1CAC26B900DBE530 /* LaunchScreen.storyboard */ = {
			isa = PBXVariantGroup;
			children = (
				C4DC1B1E1CAC26B900DBE530 /* Base */,
			);
			name = LaunchScreen.storyboard;
			sourceTree = "<group>";
		};
/* End PBXVariantGroup section */

/* Begin XCBuildConfiguration section */
		C4DC1B371CAC26B900DBE530 /* Debug */ = {
			isa = XCBuildConfiguration;
			buildSettings = {
				ALWAYS_SEARCH_USER_PATHS = NO;
				CLANG_ANALYZER_NONNULL = YES;
				CLANG_CXX_LANGUAGE_STANDARD = "gnu++0x";
				CLANG_CXX_LIBRARY = "libc++";
				CLANG_ENABLE_MODULES = YES;
				CLANG_ENABLE_OBJC_ARC = YES;
				CLANG_WARN_BOOL_CONVERSION = YES;
				CLANG_WARN_CONSTANT_CONVERSION = YES;
				CLANG_WARN_DIRECT_OBJC_ISA_USAGE = YES_ERROR;
				CLANG_WARN_EMPTY_BODY = YES;
				CLANG_WARN_ENUM_CONVERSION = YES;
				CLANG_WARN_INT_CONVERSION = YES;
				CLANG_WARN_OBJC_ROOT_CLASS = YES_ERROR;
				CLANG_WARN_UNREACHABLE_CODE = YES;
				CLANG_WARN__DUPLICATE_METHOD_MATCH = YES;
				"CODE_SIGN_IDENTITY[sdk=iphoneos*]" = "iPhone Developer";
				COPY_PHASE_STRIP = NO;
				DEBUG_INFORMATION_FORMAT = dwarf;
				ENABLE_STRICT_OBJC_MSGSEND = YES;
				ENABLE_TESTABILITY = YES;
				GCC_C_LANGUAGE_STANDARD = gnu99;
				GCC_DYNAMIC_NO_PIC = NO;
				GCC_NO_COMMON_BLOCKS = YES;
				GCC_OPTIMIZATION_LEVEL = 0;
				GCC_PREPROCESSOR_DEFINITIONS = (
					"DEBUG=1",
					"$(inherited)",
				);
				GCC_WARN_64_TO_32_BIT_CONVERSION = YES;
				GCC_WARN_ABOUT_RETURN_TYPE = YES_ERROR;
				GCC_WARN_UNDECLARED_SELECTOR = YES;
				GCC_WARN_UNINITIALIZED_AUTOS = YES_AGGRESSIVE;
				GCC_WARN_UNUSED_FUNCTION = YES;
				GCC_WARN_UNUSED_VARIABLE = YES;
				IPHONEOS_DEPLOYMENT_TARGET = 9.3;
				MTL_ENABLE_DEBUG_INFO = YES;
				ONLY_ACTIVE_ARCH = YES;
				SDKROOT = iphoneos;
				SWIFT_OPTIMIZATION_LEVEL = "-Onone";
			};
			name = Debug;
		};
		C4DC1B381CAC26B900DBE530 /* Release */ = {
			isa = XCBuildConfiguration;
			buildSettings = {
				ALWAYS_SEARCH_USER_PATHS = NO;
				CLANG_ANALYZER_NONNULL = YES;
				CLANG_CXX_LANGUAGE_STANDARD = "gnu++0x";
				CLANG_CXX_LIBRARY = "libc++";
				CLANG_ENABLE_MODULES = YES;
				CLANG_ENABLE_OBJC_ARC = YES;
				CLANG_WARN_BOOL_CONVERSION = YES;
				CLANG_WARN_CONSTANT_CONVERSION = YES;
				CLANG_WARN_DIRECT_OBJC_ISA_USAGE = YES_ERROR;
				CLANG_WARN_EMPTY_BODY = YES;
				CLANG_WARN_ENUM_CONVERSION = YES;
				CLANG_WARN_INT_CONVERSION = YES;
				CLANG_WARN_OBJC_ROOT_CLASS = YES_ERROR;
				CLANG_WARN_UNREACHABLE_CODE = YES;
				CLANG_WARN__DUPLICATE_METHOD_MATCH = YES;
				"CODE_SIGN_IDENTITY[sdk=iphoneos*]" = "iPhone Developer";
				COPY_PHASE_STRIP = NO;
				DEBUG_INFORMATION_FORMAT = "dwarf-with-dsym";
				ENABLE_NS_ASSERTIONS = NO;
				ENABLE_STRICT_OBJC_MSGSEND = YES;
				GCC_C_LANGUAGE_STANDARD = gnu99;
				GCC_NO_COMMON_BLOCKS = YES;
				GCC_WARN_64_TO_32_BIT_CONVERSION = YES;
				GCC_WARN_ABOUT_RETURN_TYPE = YES_ERROR;
				GCC_WARN_UNDECLARED_SELECTOR = YES;
				GCC_WARN_UNINITIALIZED_AUTOS = YES_AGGRESSIVE;
				GCC_WARN_UNUSED_FUNCTION = YES;
				GCC_WARN_UNUSED_VARIABLE = YES;
				IPHONEOS_DEPLOYMENT_TARGET = 9.3;
				MTL_ENABLE_DEBUG_INFO = NO;
				SDKROOT = iphoneos;
				VALIDATE_PRODUCT = YES;
			};
			name = Release;
		};
		C4DC1B3A1CAC26B900DBE530 /* Debug */ = {
			isa = XCBuildConfiguration;
			buildSettings = {
				ASSETCATALOG_COMPILER_APPICON_NAME = AppIcon;
				INFOPLIST_FILE = FuzzySearch/Info.plist;
				LD_RUNPATH_SEARCH_PATHS = "$(inherited) @executable_path/Frameworks";
				PRODUCT_BUNDLE_IDENTIFIER = com.kaleo.FuzzySearch;
				PRODUCT_NAME = "$(TARGET_NAME)";
			};
			name = Debug;
		};
		C4DC1B3B1CAC26B900DBE530 /* Release */ = {
			isa = XCBuildConfiguration;
			buildSettings = {
				ASSETCATALOG_COMPILER_APPICON_NAME = AppIcon;
				INFOPLIST_FILE = FuzzySearch/Info.plist;
				LD_RUNPATH_SEARCH_PATHS = "$(inherited) @executable_path/Frameworks";
				PRODUCT_BUNDLE_IDENTIFIER = com.kaleo.FuzzySearch;
				PRODUCT_NAME = "$(TARGET_NAME)";
			};
			name = Release;
		};
		C4DC1B3D1CAC26B900DBE530 /* Debug */ = {
			isa = XCBuildConfiguration;
			buildSettings = {
				BUNDLE_LOADER = "$(TEST_HOST)";
				INFOPLIST_FILE = FuzzySearchTests/Info.plist;
				LD_RUNPATH_SEARCH_PATHS = "$(inherited) @executable_path/Frameworks @loader_path/Frameworks";
				PRODUCT_BUNDLE_IDENTIFIER = com.kaleo.FuzzySearchTests;
				PRODUCT_NAME = "$(TARGET_NAME)";
				TEST_HOST = "$(BUILT_PRODUCTS_DIR)/FuzzySearch.app/FuzzySearch";
			};
			name = Debug;
		};
		C4DC1B3E1CAC26B900DBE530 /* Release */ = {
			isa = XCBuildConfiguration;
			buildSettings = {
				BUNDLE_LOADER = "$(TEST_HOST)";
				INFOPLIST_FILE = FuzzySearchTests/Info.plist;
				LD_RUNPATH_SEARCH_PATHS = "$(inherited) @executable_path/Frameworks @loader_path/Frameworks";
				PRODUCT_BUNDLE_IDENTIFIER = com.kaleo.FuzzySearchTests;
				PRODUCT_NAME = "$(TARGET_NAME)";
				TEST_HOST = "$(BUILT_PRODUCTS_DIR)/FuzzySearch.app/FuzzySearch";
			};
			name = Release;
		};
		C4DC1B401CAC26B900DBE530 /* Debug */ = {
			isa = XCBuildConfiguration;
			buildSettings = {
				INFOPLIST_FILE = FuzzySearchUITests/Info.plist;
				LD_RUNPATH_SEARCH_PATHS = "$(inherited) @executable_path/Frameworks @loader_path/Frameworks";
				PRODUCT_BUNDLE_IDENTIFIER = com.kaleo.FuzzySearchUITests;
				PRODUCT_NAME = "$(TARGET_NAME)";
				TEST_TARGET_NAME = FuzzySearch;
			};
			name = Debug;
		};
		C4DC1B411CAC26B900DBE530 /* Release */ = {
			isa = XCBuildConfiguration;
			buildSettings = {
				INFOPLIST_FILE = FuzzySearchUITests/Info.plist;
				LD_RUNPATH_SEARCH_PATHS = "$(inherited) @executable_path/Frameworks @loader_path/Frameworks";
				PRODUCT_BUNDLE_IDENTIFIER = com.kaleo.FuzzySearchUITests;
				PRODUCT_NAME = "$(TARGET_NAME)";
				TEST_TARGET_NAME = FuzzySearch;
			};
			name = Release;
		};
/* End XCBuildConfiguration section */

/* Begin XCConfigurationList section */
		C4DC1B0C1CAC26B800DBE530 /* Build configuration list for PBXProject "FuzzySearch" */ = {
			isa = XCConfigurationList;
			buildConfigurations = (
				C4DC1B371CAC26B900DBE530 /* Debug */,
				C4DC1B381CAC26B900DBE530 /* Release */,
			);
			defaultConfigurationIsVisible = 0;
			defaultConfigurationName = Release;
		};
		C4DC1B391CAC26B900DBE530 /* Build configuration list for PBXNativeTarget "FuzzySearch" */ = {
			isa = XCConfigurationList;
			buildConfigurations = (
				C4DC1B3A1CAC26B900DBE530 /* Debug */,
				C4DC1B3B1CAC26B900DBE530 /* Release */,
			);
			defaultConfigurationIsVisible = 0;
			defaultConfigurationName = Release;
		};
		C4DC1B3C1CAC26B900DBE530 /* Build configuration list for PBXNativeTarget "FuzzySearchTests" */ = {
			isa = XCConfigurationList;
			buildConfigurations = (
				C4DC1B3D1CAC26B900DBE530 /* Debug */,
				C4DC1B3E1CAC26B900DBE530 /* Release */,
			);
			defaultConfigurationIsVisible = 0;
			defaultConfigurationName = Release;
		};
		C4DC1B3F1CAC26B900DBE530 /* Build configuration list for PBXNativeTarget "FuzzySearchUITests" */ = {
			isa = XCConfigurationList;
			buildConfigurations = (
				C4DC1B401CAC26B900DBE530 /* Debug */,
				C4DC1B411CAC26B900DBE530 /* Release */,
			);
			defaultConfigurationIsVisible = 0;
			defaultConfigurationName = Release;
		};
/* End XCConfigurationList section */
	};
	rootObject = C4DC1B091CAC26B800DBE530 /* Project object */;
}
