// !$*UTF8*$!
{
	archiveVersion = 1;
	classes = {
	};
	objectVersion = 46;
	objects = {

/* Begin PBXBuildFile section */
		1ABF6CE41CAC381F001B1529 /* AppDelegate.swift in Sources */ = {isa = PBXBuildFile; fileRef = 1ABF6CE31CAC381F001B1529 /* AppDelegate.swift */; };
		1ABF6CE61CAC381F001B1529 /* ViewController.swift in Sources */ = {isa = PBXBuildFile; fileRef = 1ABF6CE51CAC381F001B1529 /* ViewController.swift */; };
		1ABF6CE91CAC381F001B1529 /* Main.storyboard in Resources */ = {isa = PBXBuildFile; fileRef = 1ABF6CE71CAC381F001B1529 /* Main.storyboard */; };
		1ABF6CEB1CAC381F001B1529 /* Assets.xcassets in Resources */ = {isa = PBXBuildFile; fileRef = 1ABF6CEA1CAC381F001B1529 /* Assets.xcassets */; };
		1ABF6CEE1CAC381F001B1529 /* LaunchScreen.storyboard in Resources */ = {isa = PBXBuildFile; fileRef = 1ABF6CEC1CAC381F001B1529 /* LaunchScreen.storyboard */; };
		1ABF6CF61CAC3837001B1529 /* dictionary.json in Resources */ = {isa = PBXBuildFile; fileRef = 1ABF6CF51CAC3837001B1529 /* dictionary.json */; };
		1ABF6CF81CAC38A2001B1529 /* WordListTableViewController.swift in Sources */ = {isa = PBXBuildFile; fileRef = 1ABF6CF71CAC38A2001B1529 /* WordListTableViewController.swift */; };
		1ABF6CFA1CAC38AA001B1529 /* SearchResultsTableViewController.swift in Sources */ = {isa = PBXBuildFile; fileRef = 1ABF6CF91CAC38AA001B1529 /* SearchResultsTableViewController.swift */; };
		1ABF6CFC1CAC38D2001B1529 /* Word.swift in Sources */ = {isa = PBXBuildFile; fileRef = 1ABF6CFB1CAC38D2001B1529 /* Word.swift */; };
		1ABF6CFE1CAC3907001B1529 /* WordController.swift in Sources */ = {isa = PBXBuildFile; fileRef = 1ABF6CFD1CAC3907001B1529 /* WordController.swift */; };
/* End PBXBuildFile section */

/* Begin PBXFileReference section */
		1ABF6CE01CAC381F001B1529 /* FuzzySearch2.app */ = {isa = PBXFileReference; explicitFileType = wrapper.application; includeInIndex = 0; path = FuzzySearch2.app; sourceTree = BUILT_PRODUCTS_DIR; };
		1ABF6CE31CAC381F001B1529 /* AppDelegate.swift */ = {isa = PBXFileReference; lastKnownFileType = sourcecode.swift; path = AppDelegate.swift; sourceTree = "<group>"; };
		1ABF6CE51CAC381F001B1529 /* ViewController.swift */ = {isa = PBXFileReference; lastKnownFileType = sourcecode.swift; path = ViewController.swift; sourceTree = "<group>"; };
		1ABF6CE81CAC381F001B1529 /* Base */ = {isa = PBXFileReference; lastKnownFileType = file.storyboard; name = Base; path = Base.lproj/Main.storyboard; sourceTree = "<group>"; };
		1ABF6CEA1CAC381F001B1529 /* Assets.xcassets */ = {isa = PBXFileReference; lastKnownFileType = folder.assetcatalog; path = Assets.xcassets; sourceTree = "<group>"; };
		1ABF6CED1CAC381F001B1529 /* Base */ = {isa = PBXFileReference; lastKnownFileType = file.storyboard; name = Base; path = Base.lproj/LaunchScreen.storyboard; sourceTree = "<group>"; };
		1ABF6CEF1CAC381F001B1529 /* Info.plist */ = {isa = PBXFileReference; lastKnownFileType = text.plist.xml; path = Info.plist; sourceTree = "<group>"; };
		1ABF6CF51CAC3837001B1529 /* dictionary.json */ = {isa = PBXFileReference; fileEncoding = 4; lastKnownFileType = text.json; path = dictionary.json; sourceTree = "<group>"; };
		1ABF6CF71CAC38A2001B1529 /* WordListTableViewController.swift */ = {isa = PBXFileReference; fileEncoding = 4; lastKnownFileType = sourcecode.swift; path = WordListTableViewController.swift; sourceTree = "<group>"; };
		1ABF6CF91CAC38AA001B1529 /* SearchResultsTableViewController.swift */ = {isa = PBXFileReference; fileEncoding = 4; lastKnownFileType = sourcecode.swift; path = SearchResultsTableViewController.swift; sourceTree = "<group>"; };
		1ABF6CFB1CAC38D2001B1529 /* Word.swift */ = {isa = PBXFileReference; fileEncoding = 4; lastKnownFileType = sourcecode.swift; path = Word.swift; sourceTree = "<group>"; };
		1ABF6CFD1CAC3907001B1529 /* WordController.swift */ = {isa = PBXFileReference; fileEncoding = 4; lastKnownFileType = sourcecode.swift; path = WordController.swift; sourceTree = "<group>"; };
/* End PBXFileReference section */

/* Begin PBXFrameworksBuildPhase section */
		1ABF6CDD1CAC381F001B1529 /* Frameworks */ = {
			isa = PBXFrameworksBuildPhase;
			buildActionMask = 2147483647;
			files = (
			);
			runOnlyForDeploymentPostprocessing = 0;
		};
/* End PBXFrameworksBuildPhase section */

/* Begin PBXGroup section */
		1ABF6CD71CAC381F001B1529 = {
			isa = PBXGroup;
			children = (
				1ABF6CE21CAC381F001B1529 /* FuzzySearch2 */,
				1ABF6CE11CAC381F001B1529 /* Products */,
			);
			sourceTree = "<group>";
		};
		1ABF6CE11CAC381F001B1529 /* Products */ = {
			isa = PBXGroup;
			children = (
				1ABF6CE01CAC381F001B1529 /* FuzzySearch2.app */,
			);
			name = Products;
			sourceTree = "<group>";
		};
		1ABF6CE21CAC381F001B1529 /* FuzzySearch2 */ = {
			isa = PBXGroup;
			children = (
				1ABF6CE31CAC381F001B1529 /* AppDelegate.swift */,
				1ABF6CE51CAC381F001B1529 /* ViewController.swift */,
				1ABF6CE71CAC381F001B1529 /* Main.storyboard */,
				1ABF6CF71CAC38A2001B1529 /* WordListTableViewController.swift */,
				1ABF6CF91CAC38AA001B1529 /* SearchResultsTableViewController.swift */,
				1ABF6CFB1CAC38D2001B1529 /* Word.swift */,
				1ABF6CFD1CAC3907001B1529 /* WordController.swift */,
				1ABF6CEA1CAC381F001B1529 /* Assets.xcassets */,
				1ABF6CEC1CAC381F001B1529 /* LaunchScreen.storyboard */,
				1ABF6CF51CAC3837001B1529 /* dictionary.json */,
				1ABF6CEF1CAC381F001B1529 /* Info.plist */,
			);
			path = FuzzySearch2;
			sourceTree = "<group>";
		};
/* End PBXGroup section */

/* Begin PBXNativeTarget section */
		1ABF6CDF1CAC381F001B1529 /* FuzzySearch2 */ = {
			isa = PBXNativeTarget;
			buildConfigurationList = 1ABF6CF21CAC381F001B1529 /* Build configuration list for PBXNativeTarget "FuzzySearch2" */;
			buildPhases = (
				1ABF6CDC1CAC381F001B1529 /* Sources */,
				1ABF6CDD1CAC381F001B1529 /* Frameworks */,
				1ABF6CDE1CAC381F001B1529 /* Resources */,
			);
			buildRules = (
			);
			dependencies = (
			);
			name = FuzzySearch2;
			productName = FuzzySearch2;
			productReference = 1ABF6CE01CAC381F001B1529 /* FuzzySearch2.app */;
			productType = "com.apple.product-type.application";
		};
/* End PBXNativeTarget section */

/* Begin PBXProject section */
		1ABF6CD81CAC381F001B1529 /* Project object */ = {
			isa = PBXProject;
			attributes = {
				LastSwiftUpdateCheck = 0730;
				LastUpgradeCheck = 0730;
				ORGANIZATIONNAME = "James Pacheco";
				TargetAttributes = {
					1ABF6CDF1CAC381F001B1529 = {
						CreatedOnToolsVersion = 7.3;
					};
				};
			};
			buildConfigurationList = 1ABF6CDB1CAC381F001B1529 /* Build configuration list for PBXProject "FuzzySearch2" */;
			compatibilityVersion = "Xcode 3.2";
			developmentRegion = English;
			hasScannedForEncodings = 0;
			knownRegions = (
				en,
				Base,
			);
			mainGroup = 1ABF6CD71CAC381F001B1529;
			productRefGroup = 1ABF6CE11CAC381F001B1529 /* Products */;
			projectDirPath = "";
			projectRoot = "";
			targets = (
				1ABF6CDF1CAC381F001B1529 /* FuzzySearch2 */,
			);
		};
/* End PBXProject section */

/* Begin PBXResourcesBuildPhase section */
		1ABF6CDE1CAC381F001B1529 /* Resources */ = {
			isa = PBXResourcesBuildPhase;
			buildActionMask = 2147483647;
			files = (
				1ABF6CEE1CAC381F001B1529 /* LaunchScreen.storyboard in Resources */,
				1ABF6CF61CAC3837001B1529 /* dictionary.json in Resources */,
				1ABF6CEB1CAC381F001B1529 /* Assets.xcassets in Resources */,
				1ABF6CE91CAC381F001B1529 /* Main.storyboard in Resources */,
			);
			runOnlyForDeploymentPostprocessing = 0;
		};
/* End PBXResourcesBuildPhase section */

/* Begin PBXSourcesBuildPhase section */
		1ABF6CDC1CAC381F001B1529 /* Sources */ = {
			isa = PBXSourcesBuildPhase;
			buildActionMask = 2147483647;
			files = (
				1ABF6CFA1CAC38AA001B1529 /* SearchResultsTableViewController.swift in Sources */,
				1ABF6CE61CAC381F001B1529 /* ViewController.swift in Sources */,
				1ABF6CFC1CAC38D2001B1529 /* Word.swift in Sources */,
				1ABF6CE41CAC381F001B1529 /* AppDelegate.swift in Sources */,
				1ABF6CF81CAC38A2001B1529 /* WordListTableViewController.swift in Sources */,
				1ABF6CFE1CAC3907001B1529 /* WordController.swift in Sources */,
			);
			runOnlyForDeploymentPostprocessing = 0;
		};
/* End PBXSourcesBuildPhase section */

/* Begin PBXVariantGroup section */
		1ABF6CE71CAC381F001B1529 /* Main.storyboard */ = {
			isa = PBXVariantGroup;
			children = (
				1ABF6CE81CAC381F001B1529 /* Base */,
			);
			name = Main.storyboard;
			sourceTree = "<group>";
		};
		1ABF6CEC1CAC381F001B1529 /* LaunchScreen.storyboard */ = {
			isa = PBXVariantGroup;
			children = (
				1ABF6CED1CAC381F001B1529 /* Base */,
			);
			name = LaunchScreen.storyboard;
			sourceTree = "<group>";
		};
/* End PBXVariantGroup section */

/* Begin XCBuildConfiguration section */
		1ABF6CF01CAC381F001B1529 /* Debug */ = {
			isa = XCBuildConfiguration;
			buildSettings = {
				ALWAYS_SEARCH_USER_PATHS = NO;
				CLANG_ANALYZER_NONNULL = YES;
				CLANG_CXX_LANGUAGE_STANDARD = "gnu++0x";
				CLANG_CXX_LIBRARY = "libc++";
				CLANG_ENABLE_MODULES = YES;
				CLANG_ENABLE_OBJC_ARC = YES;
				CLANG_WARN_BOOL_CONVERSION = YES;
				CLANG_WARN_CONSTANT_CONVERSION = YES;
				CLANG_WARN_DIRECT_OBJC_ISA_USAGE = YES_ERROR;
				CLANG_WARN_EMPTY_BODY = YES;
				CLANG_WARN_ENUM_CONVERSION = YES;
				CLANG_WARN_INT_CONVERSION = YES;
				CLANG_WARN_OBJC_ROOT_CLASS = YES_ERROR;
				CLANG_WARN_UNREACHABLE_CODE = YES;
				CLANG_WARN__DUPLICATE_METHOD_MATCH = YES;
				"CODE_SIGN_IDENTITY[sdk=iphoneos*]" = "iPhone Developer";
				COPY_PHASE_STRIP = NO;
				DEBUG_INFORMATION_FORMAT = dwarf;
				ENABLE_STRICT_OBJC_MSGSEND = YES;
				ENABLE_TESTABILITY = YES;
				GCC_C_LANGUAGE_STANDARD = gnu99;
				GCC_DYNAMIC_NO_PIC = NO;
				GCC_NO_COMMON_BLOCKS = YES;
				GCC_OPTIMIZATION_LEVEL = 0;
				GCC_PREPROCESSOR_DEFINITIONS = (
					"DEBUG=1",
					"$(inherited)",
				);
				GCC_WARN_64_TO_32_BIT_CONVERSION = YES;
				GCC_WARN_ABOUT_RETURN_TYPE = YES_ERROR;
				GCC_WARN_UNDECLARED_SELECTOR = YES;
				GCC_WARN_UNINITIALIZED_AUTOS = YES_AGGRESSIVE;
				GCC_WARN_UNUSED_FUNCTION = YES;
				GCC_WARN_UNUSED_VARIABLE = YES;
				IPHONEOS_DEPLOYMENT_TARGET = 9.3;
				MTL_ENABLE_DEBUG_INFO = YES;
				ONLY_ACTIVE_ARCH = YES;
				SDKROOT = iphoneos;
				SWIFT_OPTIMIZATION_LEVEL = "-Onone";
			};
			name = Debug;
		};
		1ABF6CF11CAC381F001B1529 /* Release */ = {
			isa = XCBuildConfiguration;
			buildSettings = {
				ALWAYS_SEARCH_USER_PATHS = NO;
				CLANG_ANALYZER_NONNULL = YES;
				CLANG_CXX_LANGUAGE_STANDARD = "gnu++0x";
				CLANG_CXX_LIBRARY = "libc++";
				CLANG_ENABLE_MODULES = YES;
				CLANG_ENABLE_OBJC_ARC = YES;
				CLANG_WARN_BOOL_CONVERSION = YES;
				CLANG_WARN_CONSTANT_CONVERSION = YES;
				CLANG_WARN_DIRECT_OBJC_ISA_USAGE = YES_ERROR;
				CLANG_WARN_EMPTY_BODY = YES;
				CLANG_WARN_ENUM_CONVERSION = YES;
				CLANG_WARN_INT_CONVERSION = YES;
				CLANG_WARN_OBJC_ROOT_CLASS = YES_ERROR;
				CLANG_WARN_UNREACHABLE_CODE = YES;
				CLANG_WARN__DUPLICATE_METHOD_MATCH = YES;
				"CODE_SIGN_IDENTITY[sdk=iphoneos*]" = "iPhone Developer";
				COPY_PHASE_STRIP = NO;
				DEBUG_INFORMATION_FORMAT = "dwarf-with-dsym";
				ENABLE_NS_ASSERTIONS = NO;
				ENABLE_STRICT_OBJC_MSGSEND = YES;
				GCC_C_LANGUAGE_STANDARD = gnu99;
				GCC_NO_COMMON_BLOCKS = YES;
				GCC_WARN_64_TO_32_BIT_CONVERSION = YES;
				GCC_WARN_ABOUT_RETURN_TYPE = YES_ERROR;
				GCC_WARN_UNDECLARED_SELECTOR = YES;
				GCC_WARN_UNINITIALIZED_AUTOS = YES_AGGRESSIVE;
				GCC_WARN_UNUSED_FUNCTION = YES;
				GCC_WARN_UNUSED_VARIABLE = YES;
				IPHONEOS_DEPLOYMENT_TARGET = 9.3;
				MTL_ENABLE_DEBUG_INFO = NO;
				SDKROOT = iphoneos;
				VALIDATE_PRODUCT = YES;
			};
			name = Release;
		};
		1ABF6CF31CAC381F001B1529 /* Debug */ = {
			isa = XCBuildConfiguration;
			buildSettings = {
				ASSETCATALOG_COMPILER_APPICON_NAME = AppIcon;
				INFOPLIST_FILE = FuzzySearch2/Info.plist;
				LD_RUNPATH_SEARCH_PATHS = "$(inherited) @executable_path/Frameworks";
				PRODUCT_BUNDLE_IDENTIFIER = com.example.FuzzySearch2;
				PRODUCT_NAME = "$(TARGET_NAME)";
			};
			name = Debug;
		};
		1ABF6CF41CAC381F001B1529 /* Release */ = {
			isa = XCBuildConfiguration;
			buildSettings = {
				ASSETCATALOG_COMPILER_APPICON_NAME = AppIcon;
				INFOPLIST_FILE = FuzzySearch2/Info.plist;
				LD_RUNPATH_SEARCH_PATHS = "$(inherited) @executable_path/Frameworks";
				PRODUCT_BUNDLE_IDENTIFIER = com.example.FuzzySearch2;
				PRODUCT_NAME = "$(TARGET_NAME)";
			};
			name = Release;
		};
/* End XCBuildConfiguration section */

/* Begin XCConfigurationList section */
		1ABF6CDB1CAC381F001B1529 /* Build configuration list for PBXProject "FuzzySearch2" */ = {
			isa = XCConfigurationList;
			buildConfigurations = (
				1ABF6CF01CAC381F001B1529 /* Debug */,
				1ABF6CF11CAC381F001B1529 /* Release */,
			);
			defaultConfigurationIsVisible = 0;
			defaultConfigurationName = Release;
		};
		1ABF6CF21CAC381F001B1529 /* Build configuration list for PBXNativeTarget "FuzzySearch2" */ = {
			isa = XCConfigurationList;
			buildConfigurations = (
				1ABF6CF31CAC381F001B1529 /* Debug */,
				1ABF6CF41CAC381F001B1529 /* Release */,
			);
			defaultConfigurationIsVisible = 0;
		};
/* End XCConfigurationList section */
	};
	rootObject = 1ABF6CD81CAC381F001B1529 /* Project object */;
}
